
Microsoft Visual Studio Solution File, Format Version 12.00
# Visual Studio 15
VisualStudioVersion = 15.0.28307.168
MinimumVisualStudioVersion = 10.0.40219.1
Project("{FAE04EC0-301F-11D3-BF4B-00C04F79EFBC}") = "WebBlog", "WebBlog\WebBlog.csproj", "{561620F4-991E-49C5-90C9-D4E16CB5DE79}"
EndProject
Global
	GlobalSection(SolutionConfigurationPlatforms) = preSolution
		Debug|Any CPU = Debug|Any CPU
		Release|Any CPU = Release|Any CPU
	EndGlobalSection
	GlobalSection(ProjectConfigurationPlatforms) = postSolution
		{561620F4-991E-49C5-90C9-D4E16CB5DE79}.Debug|Any CPU.ActiveCfg = Debug|Any CPU
		{561620F4-991E-49C5-90C9-D4E16CB5DE79}.Debug|Any CPU.Build.0 = Debug|Any CPU
		{561620F4-991E-49C5-90C9-D4E16CB5DE79}.Release|Any CPU.ActiveCfg = Release|Any CPU
		{561620F4-991E-49C5-90C9-D4E16CB5DE79}.Release|Any CPU.Build.0 = Release|Any CPU
	EndGlobalSection
	GlobalSection(SolutionProperties) = preSolution
		HideSolutionNode = FALSE
	EndGlobalSection
	GlobalSection(ExtensibilityGlobals) = postSolution
		SolutionGuid = {2B2A5A82-EB7A-4766-A6FF-C67A02426D48}
	EndGlobalSection
EndGlobal
